{
  "version": "5",
  "specifiers": {
    "jsr:@std/cli@*": "1.0.26",
    "npm:@anthropic-ai/claude-agent-sdk@latest": "0.2.17_zod@3.25.76",
    "npm:@github/copilot-sdk@latest": "0.1.16",
    "npm:xstate@5": "5.25.1",
    "npm:yaml@2": "2.8.2",
    "npm:zod-to-json-schema@3.23.0": "3.23.0_zod@3.25.76",
    "npm:zod@3": "3.25.76"
  },
  "jsr": {
    "@std/cli@1.0.26": {
      "integrity": "53679a2b041406f15c3ff193986852595f3d11ba7b9d4b0c71a42589662e8fb5"
    }
  },
  "npm": {
    "@anthropic-ai/claude-agent-sdk@0.2.17_zod@3.25.76": {
      "integrity": "sha512-cWEZ3fhPG6beVlZkXPAGYwqoR5zbELPracg+eKQ9UUqlf9m5UmUaaasGSXdVVxgDkjZfl8yoPsHnicuL2GIB1A==",
      "dependencies": [
        "zod@3.25.76"
      ],
      "optionalDependencies": [
        "@img/sharp-darwin-arm64",
        "@img/sharp-darwin-x64",
        "@img/sharp-linux-arm",
        "@img/sharp-linux-arm64",
        "@img/sharp-linux-x64",
        "@img/sharp-linuxmusl-arm64",
        "@img/sharp-linuxmusl-x64",
        "@img/sharp-win32-x64"
      ]
    },
    "@github/copilot-darwin-arm64@0.0.389": {
      "integrity": "sha512-4Crm/C9//ZPsK+NP5E5BEjltAGuij9XkvRILvZ/mqlaiDXRncFvUtdOoV+/Of+i4Zva/1sWnc7CrS7PHGJDyFg==",
      "os": ["darwin"],
      "cpu": ["arm64"],
      "bin": true
    },
    "@github/copilot-darwin-x64@0.0.389": {
      "integrity": "sha512-w0LB+lw29UmRS9oW8ENyZhrf3S5LQ3Pz796dQY8LZybp7WxEGtQhvXN48mye9gGzOHNoHxQ2+10+OzsjC/mLUQ==",
      "os": ["darwin"],
      "cpu": ["x64"],
      "bin": true
    },
    "@github/copilot-linux-arm64@0.0.389": {
      "integrity": "sha512-8QNvfs4r6nrbQrT4llu0CbJHcCJosyj+ZgLSpA+lqIiO/TiTQ48kV41uNjzTz1RmR6/qBKcz81FB7HcHXpT3xw==",
      "os": ["linux"],
      "cpu": ["arm64"],
      "bin": true
    },
    "@github/copilot-linux-x64@0.0.389": {
      "integrity": "sha512-ls42wSzspC7sLiweoqu2zT75mqMsLWs+IZBfCqcuH1BV+C/j/XSEHsSrJxAI3TPtIsOTolPbTAa8jye1nGDxeg==",
      "os": ["linux"],
      "cpu": ["x64"],
      "bin": true
    },
    "@github/copilot-sdk@0.1.16": {
      "integrity": "sha512-yEZrrUl9w6rvKmjJpzpqovL39GzFrHxnIXOSK/bQfFwk7Ak/drmBk2gOwJqDVJcbhUm2dsoeLIfok7vtyjAxTw==",
      "dependencies": [
        "@github/copilot",
        "vscode-jsonrpc",
        "zod@4.3.5"
      ]
    },
    "@github/copilot-win32-arm64@0.0.389": {
      "integrity": "sha512-loniaCnrty9okQMl3EhxeeyDhnrJ/lJK0Q0r7wkLf1d/TM2swp3tsGZyIRlhDKx5lgcnCPm1m0BqauMo8Vs34g==",
      "os": ["win32"],
      "cpu": ["arm64"],
      "bin": true
    },
    "@github/copilot-win32-x64@0.0.389": {
      "integrity": "sha512-L1ZzwV/vsxnrz0WO4qLDUlXXFQQ9fOFuBGKWy6TXS7aniaxI/7mdRQR1YjIEqy+AzRw9BaXR2UUUUDk0gb1+kw==",
      "os": ["win32"],
      "cpu": ["x64"],
      "bin": true
    },
    "@github/copilot@0.0.389": {
      "integrity": "sha512-XCHMCd8fu7g9WAp+ZepXBF1ud8vdfxDG4ajstGJqHfbdz0RxQktB35R5s/vKizpYXSZogFqwjxl41qX8DypY6g==",
      "optionalDependencies": [
        "@github/copilot-darwin-arm64",
        "@github/copilot-darwin-x64",
        "@github/copilot-linux-arm64",
        "@github/copilot-linux-x64",
        "@github/copilot-win32-arm64",
        "@github/copilot-win32-x64"
      ],
      "bin": true
    },
    "@img/sharp-darwin-arm64@0.33.5": {
      "integrity": "sha512-UT4p+iz/2H4twwAoLCqfA9UH5pI6DggwKEGuaPy7nCVQ8ZsiY5PIcrRvD1DzuY3qYL07NtIQcWnBSY/heikIFQ==",
      "optionalDependencies": [
        "@img/sharp-libvips-darwin-arm64"
      ],
      "os": ["darwin"],
      "cpu": ["arm64"]
    },
    "@img/sharp-darwin-x64@0.33.5": {
      "integrity": "sha512-fyHac4jIc1ANYGRDxtiqelIbdWkIuQaI84Mv45KvGRRxSAa7o7d1ZKAOBaYbnepLC1WqxfpimdeWfvqqSGwR2Q==",
      "optionalDependencies": [
        "@img/sharp-libvips-darwin-x64"
      ],
      "os": ["darwin"],
      "cpu": ["x64"]
    },
    "@img/sharp-libvips-darwin-arm64@1.0.4": {
      "integrity": "sha512-XblONe153h0O2zuFfTAbQYAX2JhYmDHeWikp1LM9Hul9gVPjFY427k6dFEcOL72O01QxQsWi761svJ/ev9xEDg==",
      "os": ["darwin"],
      "cpu": ["arm64"]
    },
    "@img/sharp-libvips-darwin-x64@1.0.4": {
      "integrity": "sha512-xnGR8YuZYfJGmWPvmlunFaWJsb9T/AO2ykoP3Fz/0X5XV2aoYBPkX6xqCQvUTKKiLddarLaxpzNe+b1hjeWHAQ==",
      "os": ["darwin"],
      "cpu": ["x64"]
    },
    "@img/sharp-libvips-linux-arm64@1.0.4": {
      "integrity": "sha512-9B+taZ8DlyyqzZQnoeIvDVR/2F4EbMepXMc/NdVbkzsJbzkUjhXv/70GQJ7tdLA4YJgNP25zukcxpX2/SueNrA==",
      "os": ["linux"],
      "cpu": ["arm64"]
    },
    "@img/sharp-libvips-linux-arm@1.0.5": {
      "integrity": "sha512-gvcC4ACAOPRNATg/ov8/MnbxFDJqf/pDePbBnuBDcjsI8PssmjoKMAz4LtLaVi+OnSb5FK/yIOamqDwGmXW32g==",
      "os": ["linux"],
      "cpu": ["arm"]
    },
    "@img/sharp-libvips-linux-x64@1.0.4": {
      "integrity": "sha512-MmWmQ3iPFZr0Iev+BAgVMb3ZyC4KeFc3jFxnNbEPas60e1cIfevbtuyf9nDGIzOaW9PdnDciJm+wFFaTlj5xYw==",
      "os": ["linux"],
      "cpu": ["x64"]
    },
    "@img/sharp-libvips-linuxmusl-arm64@1.0.4": {
      "integrity": "sha512-9Ti+BbTYDcsbp4wfYib8Ctm1ilkugkA/uscUn6UXK1ldpC1JjiXbLfFZtRlBhjPZ5o1NCLiDbg8fhUPKStHoTA==",
      "os": ["linux"],
      "cpu": ["arm64"]
    },
    "@img/sharp-libvips-linuxmusl-x64@1.0.4": {
      "integrity": "sha512-viYN1KX9m+/hGkJtvYYp+CCLgnJXwiQB39damAO7WMdKWlIhmYTfHjwSbQeUK/20vY154mwezd9HflVFM1wVSw==",
      "os": ["linux"],
      "cpu": ["x64"]
    },
    "@img/sharp-linux-arm64@0.33.5": {
      "integrity": "sha512-JMVv+AMRyGOHtO1RFBiJy/MBsgz0x4AWrT6QoEVVTyh1E39TrCUpTRI7mx9VksGX4awWASxqCYLCV4wBZHAYxA==",
      "optionalDependencies": [
        "@img/sharp-libvips-linux-arm64"
      ],
      "os": ["linux"],
      "cpu": ["arm64"]
    },
    "@img/sharp-linux-arm@0.33.5": {
      "integrity": "sha512-JTS1eldqZbJxjvKaAkxhZmBqPRGmxgu+qFKSInv8moZ2AmT5Yib3EQ1c6gp493HvrvV8QgdOXdyaIBrhvFhBMQ==",
      "optionalDependencies": [
        "@img/sharp-libvips-linux-arm"
      ],
      "os": ["linux"],
      "cpu": ["arm"]
    },
    "@img/sharp-linux-x64@0.33.5": {
      "integrity": "sha512-opC+Ok5pRNAzuvq1AG0ar+1owsu842/Ab+4qvU879ippJBHvyY5n2mxF1izXqkPYlGuP/M556uh53jRLJmzTWA==",
      "optionalDependencies": [
        "@img/sharp-libvips-linux-x64"
      ],
      "os": ["linux"],
      "cpu": ["x64"]
    },
    "@img/sharp-linuxmusl-arm64@0.33.5": {
      "integrity": "sha512-XrHMZwGQGvJg2V/oRSUfSAfjfPxO+4DkiRh6p2AFjLQztWUuY/o8Mq0eMQVIY7HJ1CDQUJlxGGZRw1a5bqmd1g==",
      "optionalDependencies": [
        "@img/sharp-libvips-linuxmusl-arm64"
      ],
      "os": ["linux"],
      "cpu": ["arm64"]
    },
    "@img/sharp-linuxmusl-x64@0.33.5": {
      "integrity": "sha512-WT+d/cgqKkkKySYmqoZ8y3pxx7lx9vVejxW/W4DOFMYVSkErR+w7mf2u8m/y4+xHe7yY9DAXQMWQhpnMuFfScw==",
      "optionalDependencies": [
        "@img/sharp-libvips-linuxmusl-x64"
      ],
      "os": ["linux"],
      "cpu": ["x64"]
    },
    "@img/sharp-win32-x64@0.33.5": {
      "integrity": "sha512-MpY/o8/8kj+EcnxwvrP4aTJSWw/aZ7JIGR4aBeZkZw5B7/Jn+tY9/VNwtcoGmdT7GfggGIU4kygOMSbYnOrAbg==",
      "os": ["win32"],
      "cpu": ["x64"]
    },
    "vscode-jsonrpc@8.2.1": {
      "integrity": "sha512-kdjOSJ2lLIn7r1rtrMbbNCHjyMPfRnowdKjBQ+mGq6NAW5QY2bEZC/khaC5OR8svbbjvLEaIXkOq45e2X9BIbQ=="
    },
    "xstate@5.25.1": {
      "integrity": "sha512-oyvsNH5pF2qkHmiHEMdWqc3OjDtoZOH2MTAI35r01f/ZQWOD+VLOiYqo65UgQET0XMA5s9eRm8fnsIo+82biEw=="
    },
    "yaml@2.8.2": {
      "integrity": "sha512-mplynKqc1C2hTVYxd0PU2xQAc22TI1vShAYGksCCfxbn/dFwnHTNi1bvYsBTkhdUNtGIf5xNOg938rrSSYvS9A==",
      "bin": true
    },
    "zod-to-json-schema@3.23.0_zod@3.25.76": {
      "integrity": "sha512-az0uJ243PxsRIa2x1WmNE/pnuA05gUq/JB8Lwe1EDCCL/Fz9MgjYQ0fPlyc2Tcv6aF2ZA7WM5TWaRZVEFaAIag==",
      "dependencies": [
        "zod@3.25.76"
      ]
    },
    "zod@3.25.76": {
      "integrity": "sha512-gzUt/qt81nXsFGKIFcC3YnfEAx5NkunCfnDlvuBSSFS02bcXu4Lmea0AFIUwbLWxWPx3d9p8S5QoaujKcNQxcQ=="
    },
    "zod@4.3.5": {
      "integrity": "sha512-k7Nwx6vuWx1IJ9Bjuf4Zt1PEllcwe7cls3VNzm4CQ1/hgtFUK2bRNG3rvnpPUhFjmqJKAKtjV576KnUkHocg/g=="
    }
  },
  "workspace": {
    "dependencies": [
      "npm:@anthropic-ai/claude-agent-sdk@latest",
      "npm:@github/copilot-sdk@latest",
      "npm:xstate@5",
      "npm:yaml@2",
      "npm:zod@3"
    ]
  }
}
