// !$*UTF8*$!
{
	archiveVersion = 1;
	classes = {
	};
	objectVersion = 77;
	objects = {

/* Begin PBXBuildFile section */
		00B4DAD3FA65EDD91C9519A6 /* CarPlayVoiceCoordinator.swift in Sources */ = {isa = PBXBuildFile; fileRef = 720D8EC0696839AE553FF6EC /* CarPlayVoiceCoordinator.swift */; };
		105F420A5CB29170F60761A2 /* EntryRowView.swift in Sources */ = {isa = PBXBuildFile; fileRef = F58D1AB494B3CACDFDAA6873 /* EntryRowView.swift */; };
		1263D55420125552136C04BE /* AssistantConversationRuntime.swift in Sources */ = {isa = PBXBuildFile; fileRef = BE80ADD38DF8DAD479B64FC4 /* AssistantConversationRuntime.swift */; };
		15005D97FD9406924A56E3BA /* TaskAppIntents.swift in Sources */ = {isa = PBXBuildFile; fileRef = FF61DE3720A191D2E477BDB7 /* TaskAppIntents.swift */; };
		1B2A6A3232EB1383DBF2F958 /* WhiteboardCanvasView.swift in Sources */ = {isa = PBXBuildFile; fileRef = D83C5CD6502254CF1A8FD2CE /* WhiteboardCanvasView.swift */; };
		220E3B996070293692F51A6A /* AppIntents.framework in Frameworks */ = {isa = PBXBuildFile; fileRef = 1922885EA354367E18999189 /* AppIntents.framework */; };
		2524093D4DC22F45EE5517F3 /* NewEntryFocusedValue.swift in Sources */ = {isa = PBXBuildFile; fileRef = 8A15F61C325A3007FF986C56 /* NewEntryFocusedValue.swift */; };
		292A9C10C840361E1A602C11 /* MacRootView.swift in Sources */ = {isa = PBXBuildFile; fileRef = 43B5F7FE8066B45C8D015097 /* MacRootView.swift */; };
		2B4BA7A86289FDE6C71A5AC4 /* Speech.framework in Frameworks */ = {isa = PBXBuildFile; fileRef = 7505584F1FCE5E2E0ACE89DD /* Speech.framework */; };
		2D078C58978E5967EA6FBB9C /* AssistantConversationView.swift in Sources */ = {isa = PBXBuildFile; fileRef = D4347F52242BFA54AB59CF1D /* AssistantConversationView.swift */; };
		2D19D64D3D92844E4330C645 /* MacSettingsView.swift in Sources */ = {isa = PBXBuildFile; fileRef = 785C87A8657C874FF5403E84 /* MacSettingsView.swift */; };
		3067F6FDF94E2BEBEB78825D /* EnchiridionMacApp.swift in Sources */ = {isa = PBXBuildFile; fileRef = 8429F983D316681D30BF3165 /* EnchiridionMacApp.swift */; };
		32FFA9788E39F5A2F0E99262 /* EntryEditorView.swift in Sources */ = {isa = PBXBuildFile; fileRef = A34DEE0C4C94BFA4F642C799 /* EntryEditorView.swift */; };
		3BC0CC9DEC7D6BBF99C1B95E /* CarPlay.framework in Frameworks */ = {isa = PBXBuildFile; fileRef = 61BEB1425D8AC0F0A8776B72 /* CarPlay.framework */; };
		3EBB8BE2893AB23F1D3CE0A2 /* WhiteboardElementOverlay.swift in Sources */ = {isa = PBXBuildFile; fileRef = 9FC9C67965AEB108C7118E14 /* WhiteboardElementOverlay.swift */; };
		3F1BF0174D64D0FE39ED02BB /* OnDeviceSpeechTranscriber.swift in Sources */ = {isa = PBXBuildFile; fileRef = D76762F81B512A918E1CBD2B /* OnDeviceSpeechTranscriber.swift */; };
		3FCA54B2BD75D331E1C7DCB1 /* EmptyLibraryView.swift in Sources */ = {isa = PBXBuildFile; fileRef = AF9A9C5EAB3A0E418591E48D /* EmptyLibraryView.swift */; };
		3FF4BF81269643201ECCB5E1 /* OtherPeopleView.swift in Sources */ = {isa = PBXBuildFile; fileRef = E28583E8668DBB7F8CFDFED7 /* OtherPeopleView.swift */; };
		4039085C66F4E6F1D4AD19BD /* DeviceContactsResolver.swift in Sources */ = {isa = PBXBuildFile; fileRef = 797DD36CB5B375DD04E4CB63 /* DeviceContactsResolver.swift */; };
		47928D7124ABA0AD79FE4662 /* EntryListScreen.swift in Sources */ = {isa = PBXBuildFile; fileRef = DFC90FB14B5A3C2AA7919203 /* EntryListScreen.swift */; };
		480093EC2D69E369EB3393B3 /* CalendarEventFilterSettingsSection.swift in Sources */ = {isa = PBXBuildFile; fileRef = DB9F0C6987E84528E37D2F15 /* CalendarEventFilterSettingsSection.swift */; };
		4D30CAB0FFC6C0FA2DEF9FB7 /* DeviceContactPicker.swift in Sources */ = {isa = PBXBuildFile; fileRef = 1A92D6D7C62EFE1A235AB1F2 /* DeviceContactPicker.swift */; };
		4D9ECB3247D1E94F2F5BCE1E /* TaskManagementViews.swift in Sources */ = {isa = PBXBuildFile; fileRef = 5D4CB8A66447640BDA42FD86 /* TaskManagementViews.swift */; };
		51E2FC5ED8A2A1ECB8A23760 /* OnDeviceSpeechTranscriber.swift in Sources */ = {isa = PBXBuildFile; fileRef = D76762F81B512A918E1CBD2B /* OnDeviceSpeechTranscriber.swift */; };
		527C8CD9E0DE98C102E13A3A /* Editor in Resources */ = {isa = PBXBuildFile; fileRef = 6CF6E8BE5BBC7FC34821F6AB /* Editor */; };
		5291BA3C3C7401D9E73A0E79 /* WhiteboardCanvasView.swift in Sources */ = {isa = PBXBuildFile; fileRef = D83C5CD6502254CF1A8FD2CE /* WhiteboardCanvasView.swift */; };
		5461DBCFEEE1F0AD9F53FF76 /* EntryEditorView.swift in Sources */ = {isa = PBXBuildFile; fileRef = A34DEE0C4C94BFA4F642C799 /* EntryEditorView.swift */; };
		5589F4A453EC763BBEAF0958 /* AVSpeechSynthesizerConversationSpeaker.swift in Sources */ = {isa = PBXBuildFile; fileRef = 3970E58750FE5C5034DC84F6 /* AVSpeechSynthesizerConversationSpeaker.swift */; };
		590FF24E4BFA1A151B8207D1 /* AVSpeechSynthesizerConversationSpeaker.swift in Sources */ = {isa = PBXBuildFile; fileRef = 3970E58750FE5C5034DC84F6 /* AVSpeechSynthesizerConversationSpeaker.swift */; };
		68AA474F3E1F28D661B29426 /* DeviceContactsLifecycleModifier.swift in Sources */ = {isa = PBXBuildFile; fileRef = A27D35C9D4DEE0FD68B85047 /* DeviceContactsLifecycleModifier.swift */; };
		68F18242C1FE152D6D7C6CA3 /* CalendarEventRow.swift in Sources */ = {isa = PBXBuildFile; fileRef = 8891F3408363BE8F0C4DABED /* CalendarEventRow.swift */; };
		6ABFF90A6DB1182C7A417B24 /* MobileSettingsView.swift in Sources */ = {isa = PBXBuildFile; fileRef = F57CE6ED235E121064FFF38A /* MobileSettingsView.swift */; };
		6BC305269E27FBECE3FE4BFC /* AppIntents.framework in Frameworks */ = {isa = PBXBuildFile; fileRef = 1922885EA354367E18999189 /* AppIntents.framework */; };
		748090CC891C45CC36173E26 /* ContactsUI.framework in Frameworks */ = {isa = PBXBuildFile; fileRef = F19D2EBDC5F87EE5147087E6 /* ContactsUI.framework */; };
		74E4789FBF03631D8746536A /* AssistantConversationRuntime.swift in Sources */ = {isa = PBXBuildFile; fileRef = BE80ADD38DF8DAD479B64FC4 /* AssistantConversationRuntime.swift */; };
		7F83AD5F7268D70C19B8ADC1 /* FoundationModels.framework in Frameworks */ = {isa = PBXBuildFile; fileRef = 8C57F425E589073F3CCF3DF9 /* FoundationModels.framework */; settings = {ATTRIBUTES = (Weak, ); }; };
		82E9E242902EB55707C88FF1 /* DeviceContactsResolver.swift in Sources */ = {isa = PBXBuildFile; fileRef = 797DD36CB5B375DD04E4CB63 /* DeviceContactsResolver.swift */; };
		87255CCD64CA18D480C65230 /* DeviceContactsSettingsSection.swift in Sources */ = {isa = PBXBuildFile; fileRef = A34D8CA6D64F25EE791CC4B7 /* DeviceContactsSettingsSection.swift */; };
		8860C174604A5B979C3A104B /* DeviceContactPicker.swift in Sources */ = {isa = PBXBuildFile; fileRef = 1A92D6D7C62EFE1A235AB1F2 /* DeviceContactPicker.swift */; };
		8A3F244560903434B8230411 /* EnchiridionCore in Frameworks */ = {isa = PBXBuildFile; productRef = 98257A715412A302965BE5CE /* EnchiridionCore */; };
		8AAFFCB10E8DBA2C62023E3E /* CalendarEventFilterSettingsSection.swift in Sources */ = {isa = PBXBuildFile; fileRef = DB9F0C6987E84528E37D2F15 /* CalendarEventFilterSettingsSection.swift */; };
		8B9B161C2F9F6A5C5A8F0C63 /* WhiteboardTool.swift in Sources */ = {isa = PBXBuildFile; fileRef = 040BA6B652D9E8EA278D5E67 /* WhiteboardTool.swift */; };
		8C603F0E6737426D6BA20E61 /* MobileRootView.swift in Sources */ = {isa = PBXBuildFile; fileRef = 2D7EE81CB0F9C21786FEA84D /* MobileRootView.swift */; };
		8D3BFF82189A26982F6CE954 /* AssistantConversationView.swift in Sources */ = {isa = PBXBuildFile; fileRef = D4347F52242BFA54AB59CF1D /* AssistantConversationView.swift */; };
		8ED761D9FB82EF9B4DBE8776 /* CarPlayAssistantPrivacySettings.swift in Sources */ = {isa = PBXBuildFile; fileRef = DE3BEEFEC16AC191B57779CA /* CarPlayAssistantPrivacySettings.swift */; };
		929E1941060850FB6F278874 /* MobileLibraryScreen.swift in Sources */ = {isa = PBXBuildFile; fileRef = D95BB470402973ACB6C09128 /* MobileLibraryScreen.swift */; };
		939E6B7D7C297F91E5426FC8 /* DeviceContactsLifecycleModifier.swift in Sources */ = {isa = PBXBuildFile; fileRef = A27D35C9D4DEE0FD68B85047 /* DeviceContactsLifecycleModifier.swift */; };
		94B898133AB10583F31A5D43 /* SupertagSchemaEditor.swift in Sources */ = {isa = PBXBuildFile; fileRef = FEF2344F7F29266FD14A246D /* SupertagSchemaEditor.swift */; };
		9537B1D11AA0918C106D2C1D /* WhiteboardTool.swift in Sources */ = {isa = PBXBuildFile; fileRef = 040BA6B652D9E8EA278D5E67 /* WhiteboardTool.swift */; };
		98477947C93F3983F1AD46DF /* Speech.framework in Frameworks */ = {isa = PBXBuildFile; fileRef = 7505584F1FCE5E2E0ACE89DD /* Speech.framework */; };
		9BDA6E300E9631938293318F /* LiveViewScreen.swift in Sources */ = {isa = PBXBuildFile; fileRef = 8F822D8E1C45AAD940DB28D1 /* LiveViewScreen.swift */; };
		A1AF4B4993FF6A66FF07F7F8 /* EnchiridioniOSApp.swift in Sources */ = {isa = PBXBuildFile; fileRef = 5BBC3293A34793EC285B34BB /* EnchiridioniOSApp.swift */; };
		A45CFBCF225823A2564383EF /* SupertagSchemaEditor.swift in Sources */ = {isa = PBXBuildFile; fileRef = FEF2344F7F29266FD14A246D /* SupertagSchemaEditor.swift */; };
		A7072F79F1EB9FDB56A85572 /* FoundationModels.framework in Frameworks */ = {isa = PBXBuildFile; fileRef = 8C57F425E589073F3CCF3DF9 /* FoundationModels.framework */; settings = {ATTRIBUTES = (Weak, ); }; };
		A79AD5EDE80E4592564CB9C7 /* TaskReminderAppDelegate.swift in Sources */ = {isa = PBXBuildFile; fileRef = C13780FE9A222B8284EF0FF3 /* TaskReminderAppDelegate.swift */; };
		AB7B3A3A930722901E924B9D /* ContactsUI.framework in Frameworks */ = {isa = PBXBuildFile; fileRef = F19D2EBDC5F87EE5147087E6 /* ContactsUI.framework */; };
		AD52CB10D1EFFCA2869BB1B5 /* EnchiridionCore in Frameworks */ = {isa = PBXBuildFile; productRef = 3E539EB8451EC283BFE5CA0D /* EnchiridionCore */; };
		B2AB811BC8E3C184F52AA920 /* LiveViewScreen.swift in Sources */ = {isa = PBXBuildFile; fileRef = 8F822D8E1C45AAD940DB28D1 /* LiveViewScreen.swift */; };
		B54F13D5E2C5129FE49DCFBF /* TaskReminderNotificationCoordinator.swift in Sources */ = {isa = PBXBuildFile; fileRef = 4992038E65A7C111FF05ABD2 /* TaskReminderNotificationCoordinator.swift */; };
		B68CA822E35720463AB56093 /* WhiteboardCanvasGeometry.swift in Sources */ = {isa = PBXBuildFile; fileRef = 7CD10EE53C2822339A541B7B /* WhiteboardCanvasGeometry.swift */; };
		B76DD4414F406489F799E798 /* Contacts.framework in Frameworks */ = {isa = PBXBuildFile; fileRef = 9AE19FE9B39E75CC38B2F324 /* Contacts.framework */; };
		BB55209018648535F8C68363 /* TaskReminderNotificationCoordinator.swift in Sources */ = {isa = PBXBuildFile; fileRef = 4992038E65A7C111FF05ABD2 /* TaskReminderNotificationCoordinator.swift */; };
		C2639A7EB7E845EA0F16E377 /* CarPlayScene.swift in Sources */ = {isa = PBXBuildFile; fileRef = A64E087EF8C854F882AF3E55 /* CarPlayScene.swift */; };
		C2E6F4E0C28B6135A015984F /* WhiteboardElementOverlay.swift in Sources */ = {isa = PBXBuildFile; fileRef = 9FC9C67965AEB108C7118E14 /* WhiteboardElementOverlay.swift */; };
		C43646907D2E902FFAC0240B /* EntryRowView.swift in Sources */ = {isa = PBXBuildFile; fileRef = F58D1AB494B3CACDFDAA6873 /* EntryRowView.swift */; };
		C8C6F37DE6DE094440175D44 /* AVFoundation.framework in Frameworks */ = {isa = PBXBuildFile; fileRef = F8E348F8C323D6A9956945CF /* AVFoundation.framework */; };
		C9CC857D1F28219726E04AAA /* LibrarySection+Presentation.swift in Sources */ = {isa = PBXBuildFile; fileRef = D402E534CF31302196BB5DAB /* LibrarySection+Presentation.swift */; };
		D1149A491B23B3D229E28CFB /* AVFoundation.framework in Frameworks */ = {isa = PBXBuildFile; fileRef = F8E348F8C323D6A9956945CF /* AVFoundation.framework */; };
		D23352015992D41FF8882FF2 /* WhiteboardDrawingLayer.swift in Sources */ = {isa = PBXBuildFile; fileRef = D86A76A1059320AF5A463BCB /* WhiteboardDrawingLayer.swift */; };
		D6A4FDDB59D000F76FEF0787 /* WhiteboardChrome.swift in Sources */ = {isa = PBXBuildFile; fileRef = 89E74F1D6BD05A71A70720A8 /* WhiteboardChrome.swift */; };
		DAAA51321537920D9734ED1A /* LibrarySection+Presentation.swift in Sources */ = {isa = PBXBuildFile; fileRef = D402E534CF31302196BB5DAB /* LibrarySection+Presentation.swift */; };
		DB148207B85C8D5D24C5BC91 /* EmptyLibraryView.swift in Sources */ = {isa = PBXBuildFile; fileRef = AF9A9C5EAB3A0E418591E48D /* EmptyLibraryView.swift */; };
		DC85120843B68760FF8E15B5 /* WhiteboardChrome.swift in Sources */ = {isa = PBXBuildFile; fileRef = 89E74F1D6BD05A71A70720A8 /* WhiteboardChrome.swift */; };
		E0A72D4016BA7AA4378D7796 /* WhiteboardCanvasGeometry.swift in Sources */ = {isa = PBXBuildFile; fileRef = 7CD10EE53C2822339A541B7B /* WhiteboardCanvasGeometry.swift */; };
		E1933CD85E9587F250228CFE /* TaskManagementViews.swift in Sources */ = {isa = PBXBuildFile; fileRef = 5D4CB8A66447640BDA42FD86 /* TaskManagementViews.swift */; };
		E2D2F33CA0885506A77E459C /* SupertagPropertiesView.swift in Sources */ = {isa = PBXBuildFile; fileRef = FF130800D16354D0460E0A38 /* SupertagPropertiesView.swift */; };
		E8952D3D68A43758D23E1211 /* WhiteboardDrawingLayer.swift in Sources */ = {isa = PBXBuildFile; fileRef = D86A76A1059320AF5A463BCB /* WhiteboardDrawingLayer.swift */; };
		E89A84E39679A54EE06462E7 /* SupertagPropertiesView.swift in Sources */ = {isa = PBXBuildFile; fileRef = FF130800D16354D0460E0A38 /* SupertagPropertiesView.swift */; };
		E9508EB961677501422890A2 /* Contacts.framework in Frameworks */ = {isa = PBXBuildFile; fileRef = 9AE19FE9B39E75CC38B2F324 /* Contacts.framework */; };
		EA952B441700350945E191DD /* Editor in Resources */ = {isa = PBXBuildFile; fileRef = 6CF6E8BE5BBC7FC34821F6AB /* Editor */; };
		EF3E3120300B86E63FD15C85 /* TodayWorkspaceView.swift in Sources */ = {isa = PBXBuildFile; fileRef = 9E57F27915D9A7C13920E995 /* TodayWorkspaceView.swift */; };
		F1FC7441FEE16D1DA6289CB2 /* OtherPeopleView.swift in Sources */ = {isa = PBXBuildFile; fileRef = E28583E8668DBB7F8CFDFED7 /* OtherPeopleView.swift */; };
		F5A2695B4C553E2F99739EE4 /* TaskAppIntents.swift in Sources */ = {isa = PBXBuildFile; fileRef = FF61DE3720A191D2E477BDB7 /* TaskAppIntents.swift */; };
		F634AC10DF988AE5BD4782D2 /* CalendarScreen.swift in Sources */ = {isa = PBXBuildFile; fileRef = 594FB5E8FA8F1AC33A0865C5 /* CalendarScreen.swift */; };
		FE2119F17B97BFBC0414A3F5 /* CalendarEventRow.swift in Sources */ = {isa = PBXBuildFile; fileRef = 8891F3408363BE8F0C4DABED /* CalendarEventRow.swift */; };
		FE693E4C3ED1D8CFD6E2D282 /* DeviceContactsSettingsSection.swift in Sources */ = {isa = PBXBuildFile; fileRef = A34D8CA6D64F25EE791CC4B7 /* DeviceContactsSettingsSection.swift */; };
/* End PBXBuildFile section */

/* Begin PBXFileReference section */
		040BA6B652D9E8EA278D5E67 /* WhiteboardTool.swift */ = {isa = PBXFileReference; lastKnownFileType = sourcecode.swift; path = WhiteboardTool.swift; sourceTree = "<group>"; };
		1922885EA354367E18999189 /* AppIntents.framework */ = {isa = PBXFileReference; lastKnownFileType = wrapper.framework; name = AppIntents.framework; path = System/Library/Frameworks/AppIntents.framework; sourceTree = SDKROOT; };
		1A92D6D7C62EFE1A235AB1F2 /* DeviceContactPicker.swift */ = {isa = PBXFileReference; lastKnownFileType = sourcecode.swift; path = DeviceContactPicker.swift; sourceTree = "<group>"; };
		2D7EE81CB0F9C21786FEA84D /* MobileRootView.swift */ = {isa = PBXFileReference; lastKnownFileType = sourcecode.swift; path = MobileRootView.swift; sourceTree = "<group>"; };
		3970E58750FE5C5034DC84F6 /* AVSpeechSynthesizerConversationSpeaker.swift */ = {isa = PBXFileReference; lastKnownFileType = sourcecode.swift; path = AVSpeechSynthesizerConversationSpeaker.swift; sourceTree = "<group>"; };
		43B5F7FE8066B45C8D015097 /* MacRootView.swift */ = {isa = PBXFileReference; lastKnownFileType = sourcecode.swift; path = MacRootView.swift; sourceTree = "<group>"; };
		4992038E65A7C111FF05ABD2 /* TaskReminderNotificationCoordinator.swift */ = {isa = PBXFileReference; lastKnownFileType = sourcecode.swift; path = TaskReminderNotificationCoordinator.swift; sourceTree = "<group>"; };
		594FB5E8FA8F1AC33A0865C5 /* CalendarScreen.swift */ = {isa = PBXFileReference; lastKnownFileType = sourcecode.swift; path = CalendarScreen.swift; sourceTree = "<group>"; };
		5BBC3293A34793EC285B34BB /* EnchiridioniOSApp.swift */ = {isa = PBXFileReference; lastKnownFileType = sourcecode.swift; path = EnchiridioniOSApp.swift; sourceTree = "<group>"; };
		5D4CB8A66447640BDA42FD86 /* TaskManagementViews.swift */ = {isa = PBXFileReference; lastKnownFileType = sourcecode.swift; path = TaskManagementViews.swift; sourceTree = "<group>"; };
		61BEB1425D8AC0F0A8776B72 /* CarPlay.framework */ = {isa = PBXFileReference; lastKnownFileType = wrapper.framework; name = CarPlay.framework; path = System/Library/Frameworks/CarPlay.framework; sourceTree = SDKROOT; };
		6CF6E8BE5BBC7FC34821F6AB /* Editor */ = {isa = PBXFileReference; lastKnownFileType = folder; name = Editor; path = Sources/SharedUI/Resources/Editor; sourceTree = SOURCE_ROOT; };
		6F1AB1F1982E7F6ECA41C152 /* Enchiridion.app */ = {isa = PBXFileReference; includeInIndex = 0; lastKnownFileType = wrapper.application; path = Enchiridion.app; sourceTree = BUILT_PRODUCTS_DIR; };
		720D8EC0696839AE553FF6EC /* CarPlayVoiceCoordinator.swift */ = {isa = PBXFileReference; lastKnownFileType = sourcecode.swift; path = CarPlayVoiceCoordinator.swift; sourceTree = "<group>"; };
		7505584F1FCE5E2E0ACE89DD /* Speech.framework */ = {isa = PBXFileReference; lastKnownFileType = wrapper.framework; name = Speech.framework; path = System/Library/Frameworks/Speech.framework; sourceTree = SDKROOT; };
		785C87A8657C874FF5403E84 /* MacSettingsView.swift */ = {isa = PBXFileReference; lastKnownFileType = sourcecode.swift; path = MacSettingsView.swift; sourceTree = "<group>"; };
		797DD36CB5B375DD04E4CB63 /* DeviceContactsResolver.swift */ = {isa = PBXFileReference; lastKnownFileType = sourcecode.swift; path = DeviceContactsResolver.swift; sourceTree = "<group>"; };
		7CD10EE53C2822339A541B7B /* WhiteboardCanvasGeometry.swift */ = {isa = PBXFileReference; lastKnownFileType = sourcecode.swift; path = WhiteboardCanvasGeometry.swift; sourceTree = "<group>"; };
		8429F983D316681D30BF3165 /* EnchiridionMacApp.swift */ = {isa = PBXFileReference; lastKnownFileType = sourcecode.swift; path = EnchiridionMacApp.swift; sourceTree = "<group>"; };
		8891F3408363BE8F0C4DABED /* CalendarEventRow.swift */ = {isa = PBXFileReference; lastKnownFileType = sourcecode.swift; path = CalendarEventRow.swift; sourceTree = "<group>"; };
		89E74F1D6BD05A71A70720A8 /* WhiteboardChrome.swift */ = {isa = PBXFileReference; lastKnownFileType = sourcecode.swift; path = WhiteboardChrome.swift; sourceTree = "<group>"; };
		8A15F61C325A3007FF986C56 /* NewEntryFocusedValue.swift */ = {isa = PBXFileReference; lastKnownFileType = sourcecode.swift; path = NewEntryFocusedValue.swift; sourceTree = "<group>"; };
		8C57F425E589073F3CCF3DF9 /* FoundationModels.framework */ = {isa = PBXFileReference; lastKnownFileType = wrapper.framework; name = FoundationModels.framework; path = System/Library/Frameworks/FoundationModels.framework; sourceTree = SDKROOT; };
		8F822D8E1C45AAD940DB28D1 /* LiveViewScreen.swift */ = {isa = PBXFileReference; lastKnownFileType = sourcecode.swift; path = LiveViewScreen.swift; sourceTree = "<group>"; };
		9AE19FE9B39E75CC38B2F324 /* Contacts.framework */ = {isa = PBXFileReference; lastKnownFileType = wrapper.framework; name = Contacts.framework; path = System/Library/Frameworks/Contacts.framework; sourceTree = SDKROOT; };
		9E57F27915D9A7C13920E995 /* TodayWorkspaceView.swift */ = {isa = PBXFileReference; lastKnownFileType = sourcecode.swift; path = TodayWorkspaceView.swift; sourceTree = "<group>"; };
		9FC9C67965AEB108C7118E14 /* WhiteboardElementOverlay.swift */ = {isa = PBXFileReference; lastKnownFileType = sourcecode.swift; path = WhiteboardElementOverlay.swift; sourceTree = "<group>"; };
		A27D35C9D4DEE0FD68B85047 /* DeviceContactsLifecycleModifier.swift */ = {isa = PBXFileReference; lastKnownFileType = sourcecode.swift; path = DeviceContactsLifecycleModifier.swift; sourceTree = "<group>"; };
		A34D8CA6D64F25EE791CC4B7 /* DeviceContactsSettingsSection.swift */ = {isa = PBXFileReference; lastKnownFileType = sourcecode.swift; path = DeviceContactsSettingsSection.swift; sourceTree = "<group>"; };
		A34DEE0C4C94BFA4F642C799 /* EntryEditorView.swift */ = {isa = PBXFileReference; lastKnownFileType = sourcecode.swift; path = EntryEditorView.swift; sourceTree = "<group>"; };
		A64E087EF8C854F882AF3E55 /* CarPlayScene.swift */ = {isa = PBXFileReference; lastKnownFileType = sourcecode.swift; path = CarPlayScene.swift; sourceTree = "<group>"; };
		AF9A9C5EAB3A0E418591E48D /* EmptyLibraryView.swift */ = {isa = PBXFileReference; lastKnownFileType = sourcecode.swift; path = EmptyLibraryView.swift; sourceTree = "<group>"; };
		BE80ADD38DF8DAD479B64FC4 /* AssistantConversationRuntime.swift */ = {isa = PBXFileReference; lastKnownFileType = sourcecode.swift; path = AssistantConversationRuntime.swift; sourceTree = "<group>"; };
		C13780FE9A222B8284EF0FF3 /* TaskReminderAppDelegate.swift */ = {isa = PBXFileReference; lastKnownFileType = sourcecode.swift; path = TaskReminderAppDelegate.swift; sourceTree = "<group>"; };
		D01C78BB8752D4959D32D9E9 /* Enchiridion.app */ = {isa = PBXFileReference; explicitFileType = wrapper.application; includeInIndex = 0; path = Enchiridion.app; sourceTree = BUILT_PRODUCTS_DIR; };
		D402E534CF31302196BB5DAB /* LibrarySection+Presentation.swift */ = {isa = PBXFileReference; lastKnownFileType = sourcecode.swift; path = "LibrarySection+Presentation.swift"; sourceTree = "<group>"; };
		D4347F52242BFA54AB59CF1D /* AssistantConversationView.swift */ = {isa = PBXFileReference; lastKnownFileType = sourcecode.swift; path = AssistantConversationView.swift; sourceTree = "<group>"; };
		D76762F81B512A918E1CBD2B /* OnDeviceSpeechTranscriber.swift */ = {isa = PBXFileReference; lastKnownFileType = sourcecode.swift; path = OnDeviceSpeechTranscriber.swift; sourceTree = "<group>"; };
		D83C5CD6502254CF1A8FD2CE /* WhiteboardCanvasView.swift */ = {isa = PBXFileReference; lastKnownFileType = sourcecode.swift; path = WhiteboardCanvasView.swift; sourceTree = "<group>"; };
		D86A76A1059320AF5A463BCB /* WhiteboardDrawingLayer.swift */ = {isa = PBXFileReference; lastKnownFileType = sourcecode.swift; path = WhiteboardDrawingLayer.swift; sourceTree = "<group>"; };
		D95BB470402973ACB6C09128 /* MobileLibraryScreen.swift */ = {isa = PBXFileReference; lastKnownFileType = sourcecode.swift; path = MobileLibraryScreen.swift; sourceTree = "<group>"; };
		DB9F0C6987E84528E37D2F15 /* CalendarEventFilterSettingsSection.swift */ = {isa = PBXFileReference; lastKnownFileType = sourcecode.swift; path = CalendarEventFilterSettingsSection.swift; sourceTree = "<group>"; };
		DE3BEEFEC16AC191B57779CA /* CarPlayAssistantPrivacySettings.swift */ = {isa = PBXFileReference; lastKnownFileType = sourcecode.swift; path = CarPlayAssistantPrivacySettings.swift; sourceTree = "<group>"; };
		DFC90FB14B5A3C2AA7919203 /* EntryListScreen.swift */ = {isa = PBXFileReference; lastKnownFileType = sourcecode.swift; path = EntryListScreen.swift; sourceTree = "<group>"; };
		E28583E8668DBB7F8CFDFED7 /* OtherPeopleView.swift */ = {isa = PBXFileReference; lastKnownFileType = sourcecode.swift; path = OtherPeopleView.swift; sourceTree = "<group>"; };
		E7D6C466615598D4AB32237B /* enchiridion */ = {isa = PBXFileReference; lastKnownFileType = folder; name = enchiridion; path = .; sourceTree = SOURCE_ROOT; };
		F19D2EBDC5F87EE5147087E6 /* ContactsUI.framework */ = {isa = PBXFileReference; lastKnownFileType = wrapper.framework; name = ContactsUI.framework; path = System/Library/Frameworks/ContactsUI.framework; sourceTree = SDKROOT; };
		F57CE6ED235E121064FFF38A /* MobileSettingsView.swift */ = {isa = PBXFileReference; lastKnownFileType = sourcecode.swift; path = MobileSettingsView.swift; sourceTree = "<group>"; };
		F58D1AB494B3CACDFDAA6873 /* EntryRowView.swift */ = {isa = PBXFileReference; lastKnownFileType = sourcecode.swift; path = EntryRowView.swift; sourceTree = "<group>"; };
		F8E348F8C323D6A9956945CF /* AVFoundation.framework */ = {isa = PBXFileReference; lastKnownFileType = wrapper.framework; name = AVFoundation.framework; path = System/Library/Frameworks/AVFoundation.framework; sourceTree = SDKROOT; };
		FEF2344F7F29266FD14A246D /* SupertagSchemaEditor.swift */ = {isa = PBXFileReference; lastKnownFileType = sourcecode.swift; path = SupertagSchemaEditor.swift; sourceTree = "<group>"; };
		FF130800D16354D0460E0A38 /* SupertagPropertiesView.swift */ = {isa = PBXFileReference; lastKnownFileType = sourcecode.swift; path = SupertagPropertiesView.swift; sourceTree = "<group>"; };
		FF61DE3720A191D2E477BDB7 /* TaskAppIntents.swift */ = {isa = PBXFileReference; lastKnownFileType = sourcecode.swift; path = TaskAppIntents.swift; sourceTree = "<group>"; };
/* End PBXFileReference section */

/* Begin PBXFrameworksBuildPhase section */
		48C94F2B8BEE805222E82ACA /* Frameworks */ = {
			isa = PBXFrameworksBuildPhase;
			buildActionMask = 2147483647;
			files = (
				D1149A491B23B3D229E28CFB /* AVFoundation.framework in Frameworks */,
				6BC305269E27FBECE3FE4BFC /* AppIntents.framework in Frameworks */,
				E9508EB961677501422890A2 /* Contacts.framework in Frameworks */,
				748090CC891C45CC36173E26 /* ContactsUI.framework in Frameworks */,
				A7072F79F1EB9FDB56A85572 /* FoundationModels.framework in Frameworks */,
				98477947C93F3983F1AD46DF /* Speech.framework in Frameworks */,
				8A3F244560903434B8230411 /* EnchiridionCore in Frameworks */,
			);
			runOnlyForDeploymentPostprocessing = 0;
		};
		82BEC5343B5EDD2F6E5D3F58 /* Frameworks */ = {
			isa = PBXFrameworksBuildPhase;
			buildActionMask = 2147483647;
			files = (
				3BC0CC9DEC7D6BBF99C1B95E /* CarPlay.framework in Frameworks */,
				220E3B996070293692F51A6A /* AppIntents.framework in Frameworks */,
				C8C6F37DE6DE094440175D44 /* AVFoundation.framework in Frameworks */,
				B76DD4414F406489F799E798 /* Contacts.framework in Frameworks */,
				AB7B3A3A930722901E924B9D /* ContactsUI.framework in Frameworks */,
				2B4BA7A86289FDE6C71A5AC4 /* Speech.framework in Frameworks */,
				7F83AD5F7268D70C19B8ADC1 /* FoundationModels.framework in Frameworks */,
				AD52CB10D1EFFCA2869BB1B5 /* EnchiridionCore in Frameworks */,
			);
			runOnlyForDeploymentPostprocessing = 0;
		};
/* End PBXFrameworksBuildPhase section */

/* Begin PBXGroup section */
		1AB8F8EB090A7E70DE45FE20 /* Frameworks */ = {
			isa = PBXGroup;
			children = (
				1922885EA354367E18999189 /* AppIntents.framework */,
				F8E348F8C323D6A9956945CF /* AVFoundation.framework */,
				61BEB1425D8AC0F0A8776B72 /* CarPlay.framework */,
				9AE19FE9B39E75CC38B2F324 /* Contacts.framework */,
				F19D2EBDC5F87EE5147087E6 /* ContactsUI.framework */,
				8C57F425E589073F3CCF3DF9 /* FoundationModels.framework */,
				7505584F1FCE5E2E0ACE89DD /* Speech.framework */,
			);
			name = Frameworks;
			sourceTree = "<group>";
		};
		5823A6251A1ED541F1642242 /* iOS */ = {
			isa = PBXGroup;
			children = (
				594FB5E8FA8F1AC33A0865C5 /* CalendarScreen.swift */,
				DE3BEEFEC16AC191B57779CA /* CarPlayAssistantPrivacySettings.swift */,
				A64E087EF8C854F882AF3E55 /* CarPlayScene.swift */,
				720D8EC0696839AE553FF6EC /* CarPlayVoiceCoordinator.swift */,
				5BBC3293A34793EC285B34BB /* EnchiridioniOSApp.swift */,
				DFC90FB14B5A3C2AA7919203 /* EntryListScreen.swift */,
				D95BB470402973ACB6C09128 /* MobileLibraryScreen.swift */,
				2D7EE81CB0F9C21786FEA84D /* MobileRootView.swift */,
				F57CE6ED235E121064FFF38A /* MobileSettingsView.swift */,
				9E57F27915D9A7C13920E995 /* TodayWorkspaceView.swift */,
			);
			path = iOS;
			sourceTree = "<group>";
		};
		61ADCFF913B18B90A8574F77 /* Resources */ = {
			isa = PBXGroup;
			children = (
				6CF6E8BE5BBC7FC34821F6AB /* Editor */,
			);
			path = Resources;
			sourceTree = "<group>";
		};
		6E9B1C9034899059B91D3C80 /* SharedUI */ = {
			isa = PBXGroup;
			children = (
				BE80ADD38DF8DAD479B64FC4 /* AssistantConversationRuntime.swift */,
				D4347F52242BFA54AB59CF1D /* AssistantConversationView.swift */,
				3970E58750FE5C5034DC84F6 /* AVSpeechSynthesizerConversationSpeaker.swift */,
				DB9F0C6987E84528E37D2F15 /* CalendarEventFilterSettingsSection.swift */,
				8891F3408363BE8F0C4DABED /* CalendarEventRow.swift */,
				1A92D6D7C62EFE1A235AB1F2 /* DeviceContactPicker.swift */,
				A27D35C9D4DEE0FD68B85047 /* DeviceContactsLifecycleModifier.swift */,
				797DD36CB5B375DD04E4CB63 /* DeviceContactsResolver.swift */,
				A34D8CA6D64F25EE791CC4B7 /* DeviceContactsSettingsSection.swift */,
				AF9A9C5EAB3A0E418591E48D /* EmptyLibraryView.swift */,
				A34DEE0C4C94BFA4F642C799 /* EntryEditorView.swift */,
				F58D1AB494B3CACDFDAA6873 /* EntryRowView.swift */,
				D402E534CF31302196BB5DAB /* LibrarySection+Presentation.swift */,
				8F822D8E1C45AAD940DB28D1 /* LiveViewScreen.swift */,
				D76762F81B512A918E1CBD2B /* OnDeviceSpeechTranscriber.swift */,
				E28583E8668DBB7F8CFDFED7 /* OtherPeopleView.swift */,
				FF130800D16354D0460E0A38 /* SupertagPropertiesView.swift */,
				FEF2344F7F29266FD14A246D /* SupertagSchemaEditor.swift */,
				FF61DE3720A191D2E477BDB7 /* TaskAppIntents.swift */,
				5D4CB8A66447640BDA42FD86 /* TaskManagementViews.swift */,
				4992038E65A7C111FF05ABD2 /* TaskReminderNotificationCoordinator.swift */,
				7CD10EE53C2822339A541B7B /* WhiteboardCanvasGeometry.swift */,
				D83C5CD6502254CF1A8FD2CE /* WhiteboardCanvasView.swift */,
				89E74F1D6BD05A71A70720A8 /* WhiteboardChrome.swift */,
				D86A76A1059320AF5A463BCB /* WhiteboardDrawingLayer.swift */,
				9FC9C67965AEB108C7118E14 /* WhiteboardElementOverlay.swift */,
				040BA6B652D9E8EA278D5E67 /* WhiteboardTool.swift */,
				61ADCFF913B18B90A8574F77 /* Resources */,
			);
			path = SharedUI;
			sourceTree = "<group>";
		};
		82C246F1A3B6A035FB7477CE /* Packages */ = {
			isa = PBXGroup;
			children = (
				E7D6C466615598D4AB32237B /* enchiridion */,
			);
			name = Packages;
			sourceTree = "<group>";
		};
		9D532DBFAABBD84E17504C05 /* Products */ = {
			isa = PBXGroup;
			children = (
				D01C78BB8752D4959D32D9E9 /* Enchiridion.app */,
				6F1AB1F1982E7F6ECA41C152 /* Enchiridion.app */,
			);
			name = Products;
			sourceTree = "<group>";
		};
		BA15B80C838FD6B1234574DA /* Sources */ = {
			isa = PBXGroup;
			children = (
				5823A6251A1ED541F1642242 /* iOS */,
				C47C1110E2B03124AEB6B5A2 /* macOS */,
				6E9B1C9034899059B91D3C80 /* SharedUI */,
			);
			path = Sources;
			sourceTree = "<group>";
		};
		C47C1110E2B03124AEB6B5A2 /* macOS */ = {
			isa = PBXGroup;
			children = (
				8429F983D316681D30BF3165 /* EnchiridionMacApp.swift */,
				43B5F7FE8066B45C8D015097 /* MacRootView.swift */,
				785C87A8657C874FF5403E84 /* MacSettingsView.swift */,
				8A15F61C325A3007FF986C56 /* NewEntryFocusedValue.swift */,
				C13780FE9A222B8284EF0FF3 /* TaskReminderAppDelegate.swift */,
			);
			path = macOS;
			sourceTree = "<group>";
		};
		F4288FD3331F5FFD9DA8FEF0 = {
			isa = PBXGroup;
			children = (
				82C246F1A3B6A035FB7477CE /* Packages */,
				BA15B80C838FD6B1234574DA /* Sources */,
				1AB8F8EB090A7E70DE45FE20 /* Frameworks */,
				9D532DBFAABBD84E17504C05 /* Products */,
			);
			sourceTree = "<group>";
		};
/* End PBXGroup section */

/* Begin PBXNativeTarget section */
		7437ED510D55094607A6D7EE /* EnchiridionMobile */ = {
			isa = PBXNativeTarget;
			buildConfigurationList = B5F4357527F7DFAD88E92FFC /* Build configuration list for PBXNativeTarget "EnchiridionMobile" */;
			buildPhases = (
				6E3636601CBF4FF83D740975 /* Sources */,
				794E59A2D2ABA3F8FF9BC218 /* Resources */,
				82BEC5343B5EDD2F6E5D3F58 /* Frameworks */,
			);
			buildRules = (
			);
			dependencies = (
			);
			name = EnchiridionMobile;
			packageProductDependencies = (
				3E539EB8451EC283BFE5CA0D /* EnchiridionCore */,
			);
			productName = EnchiridionMobile;
			productReference = 6F1AB1F1982E7F6ECA41C152 /* Enchiridion.app */;
			productType = "com.apple.product-type.application";
		};
		F5C3C0B3B8897EE3525603E3 /* EnchiridionMac */ = {
			isa = PBXNativeTarget;
			buildConfigurationList = DAA52144007B722AB3EDACA8 /* Build configuration list for PBXNativeTarget "EnchiridionMac" */;
			buildPhases = (
				20D764491DE1F680F44347F7 /* Sources */,
				93AE161991D15B58F465BFB0 /* Resources */,
				48C94F2B8BEE805222E82ACA /* Frameworks */,
			);
			buildRules = (
			);
			dependencies = (
			);
			name = EnchiridionMac;
			packageProductDependencies = (
				98257A715412A302965BE5CE /* EnchiridionCore */,
			);
			productName = EnchiridionMac;
			productReference = D01C78BB8752D4959D32D9E9 /* Enchiridion.app */;
			productType = "com.apple.product-type.application";
		};
/* End PBXNativeTarget section */

/* Begin PBXProject section */
		CB3C241C71123388FD6B0E38 /* Project object */ = {
			isa = PBXProject;
			attributes = {
				BuildIndependentTargetsInParallel = YES;
				LastUpgradeCheck = 1430;
				TargetAttributes = {
					7437ED510D55094607A6D7EE = {
						DevelopmentTeam = 6KXCJGJ45W;
						ProvisioningStyle = Automatic;
					};
					F5C3C0B3B8897EE3525603E3 = {
						DevelopmentTeam = 6KXCJGJ45W;
						ProvisioningStyle = Automatic;
					};
				};
			};
			buildConfigurationList = 6598C0901AC395B03B92DFBB /* Build configuration list for PBXProject "Enchiridion" */;
			developmentRegion = en;
			hasScannedForEncodings = 0;
			knownRegions = (
				Base,
				en,
			);
			mainGroup = F4288FD3331F5FFD9DA8FEF0;
			minimizedProjectReferenceProxies = 1;
			packageReferences = (
				90E6540D178D4DC182233438 /* XCLocalSwiftPackageReference "." */,
			);
			preferredProjectObjectVersion = 77;
			productRefGroup = 9D532DBFAABBD84E17504C05 /* Products */;
			projectDirPath = "";
			projectRoot = "";
			targets = (
				F5C3C0B3B8897EE3525603E3 /* EnchiridionMac */,
				7437ED510D55094607A6D7EE /* EnchiridionMobile */,
			);
		};
/* End PBXProject section */

/* Begin PBXResourcesBuildPhase section */
		794E59A2D2ABA3F8FF9BC218 /* Resources */ = {
			isa = PBXResourcesBuildPhase;
			buildActionMask = 2147483647;
			files = (
				527C8CD9E0DE98C102E13A3A /* Editor in Resources */,
			);
			runOnlyForDeploymentPostprocessing = 0;
		};
		93AE161991D15B58F465BFB0 /* Resources */ = {
			isa = PBXResourcesBuildPhase;
			buildActionMask = 2147483647;
			files = (
				EA952B441700350945E191DD /* Editor in Resources */,
			);
			runOnlyForDeploymentPostprocessing = 0;
		};
/* End PBXResourcesBuildPhase section */

/* Begin PBXSourcesBuildPhase section */
		20D764491DE1F680F44347F7 /* Sources */ = {
			isa = PBXSourcesBuildPhase;
			buildActionMask = 2147483647;
			files = (
				590FF24E4BFA1A151B8207D1 /* AVSpeechSynthesizerConversationSpeaker.swift in Sources */,
				74E4789FBF03631D8746536A /* AssistantConversationRuntime.swift in Sources */,
				8D3BFF82189A26982F6CE954 /* AssistantConversationView.swift in Sources */,
				480093EC2D69E369EB3393B3 /* CalendarEventFilterSettingsSection.swift in Sources */,
				68F18242C1FE152D6D7C6CA3 /* CalendarEventRow.swift in Sources */,
				4D30CAB0FFC6C0FA2DEF9FB7 /* DeviceContactPicker.swift in Sources */,
				939E6B7D7C297F91E5426FC8 /* DeviceContactsLifecycleModifier.swift in Sources */,
				4039085C66F4E6F1D4AD19BD /* DeviceContactsResolver.swift in Sources */,
				FE693E4C3ED1D8CFD6E2D282 /* DeviceContactsSettingsSection.swift in Sources */,
				DB148207B85C8D5D24C5BC91 /* EmptyLibraryView.swift in Sources */,
				3067F6FDF94E2BEBEB78825D /* EnchiridionMacApp.swift in Sources */,
				5461DBCFEEE1F0AD9F53FF76 /* EntryEditorView.swift in Sources */,
				105F420A5CB29170F60761A2 /* EntryRowView.swift in Sources */,
				C9CC857D1F28219726E04AAA /* LibrarySection+Presentation.swift in Sources */,
				B2AB811BC8E3C184F52AA920 /* LiveViewScreen.swift in Sources */,
				292A9C10C840361E1A602C11 /* MacRootView.swift in Sources */,
				2D19D64D3D92844E4330C645 /* MacSettingsView.swift in Sources */,
				2524093D4DC22F45EE5517F3 /* NewEntryFocusedValue.swift in Sources */,
				51E2FC5ED8A2A1ECB8A23760 /* OnDeviceSpeechTranscriber.swift in Sources */,
				F1FC7441FEE16D1DA6289CB2 /* OtherPeopleView.swift in Sources */,
				E89A84E39679A54EE06462E7 /* SupertagPropertiesView.swift in Sources */,
				A45CFBCF225823A2564383EF /* SupertagSchemaEditor.swift in Sources */,
				15005D97FD9406924A56E3BA /* TaskAppIntents.swift in Sources */,
				E1933CD85E9587F250228CFE /* TaskManagementViews.swift in Sources */,
				A79AD5EDE80E4592564CB9C7 /* TaskReminderAppDelegate.swift in Sources */,
				B54F13D5E2C5129FE49DCFBF /* TaskReminderNotificationCoordinator.swift in Sources */,
				E0A72D4016BA7AA4378D7796 /* WhiteboardCanvasGeometry.swift in Sources */,
				1B2A6A3232EB1383DBF2F958 /* WhiteboardCanvasView.swift in Sources */,
				DC85120843B68760FF8E15B5 /* WhiteboardChrome.swift in Sources */,
				E8952D3D68A43758D23E1211 /* WhiteboardDrawingLayer.swift in Sources */,
				C2E6F4E0C28B6135A015984F /* WhiteboardElementOverlay.swift in Sources */,
				8B9B161C2F9F6A5C5A8F0C63 /* WhiteboardTool.swift in Sources */,
			);
			runOnlyForDeploymentPostprocessing = 0;
		};
		6E3636601CBF4FF83D740975 /* Sources */ = {
			isa = PBXSourcesBuildPhase;
			buildActionMask = 2147483647;
			files = (
				5589F4A453EC763BBEAF0958 /* AVSpeechSynthesizerConversationSpeaker.swift in Sources */,
				1263D55420125552136C04BE /* AssistantConversationRuntime.swift in Sources */,
				2D078C58978E5967EA6FBB9C /* AssistantConversationView.swift in Sources */,
				8AAFFCB10E8DBA2C62023E3E /* CalendarEventFilterSettingsSection.swift in Sources */,
				FE2119F17B97BFBC0414A3F5 /* CalendarEventRow.swift in Sources */,
				F634AC10DF988AE5BD4782D2 /* CalendarScreen.swift in Sources */,
				8ED761D9FB82EF9B4DBE8776 /* CarPlayAssistantPrivacySettings.swift in Sources */,
				C2639A7EB7E845EA0F16E377 /* CarPlayScene.swift in Sources */,
				00B4DAD3FA65EDD91C9519A6 /* CarPlayVoiceCoordinator.swift in Sources */,
				8860C174604A5B979C3A104B /* DeviceContactPicker.swift in Sources */,
				68AA474F3E1F28D661B29426 /* DeviceContactsLifecycleModifier.swift in Sources */,
				82E9E242902EB55707C88FF1 /* DeviceContactsResolver.swift in Sources */,
				87255CCD64CA18D480C65230 /* DeviceContactsSettingsSection.swift in Sources */,
				3FCA54B2BD75D331E1C7DCB1 /* EmptyLibraryView.swift in Sources */,
				A1AF4B4993FF6A66FF07F7F8 /* EnchiridioniOSApp.swift in Sources */,
				32FFA9788E39F5A2F0E99262 /* EntryEditorView.swift in Sources */,
				47928D7124ABA0AD79FE4662 /* EntryListScreen.swift in Sources */,
				C43646907D2E902FFAC0240B /* EntryRowView.swift in Sources */,
				DAAA51321537920D9734ED1A /* LibrarySection+Presentation.swift in Sources */,
				9BDA6E300E9631938293318F /* LiveViewScreen.swift in Sources */,
				929E1941060850FB6F278874 /* MobileLibraryScreen.swift in Sources */,
				8C603F0E6737426D6BA20E61 /* MobileRootView.swift in Sources */,
				6ABFF90A6DB1182C7A417B24 /* MobileSettingsView.swift in Sources */,
				3F1BF0174D64D0FE39ED02BB /* OnDeviceSpeechTranscriber.swift in Sources */,
				3FF4BF81269643201ECCB5E1 /* OtherPeopleView.swift in Sources */,
				E2D2F33CA0885506A77E459C /* SupertagPropertiesView.swift in Sources */,
				94B898133AB10583F31A5D43 /* SupertagSchemaEditor.swift in Sources */,
				F5A2695B4C553E2F99739EE4 /* TaskAppIntents.swift in Sources */,
				4D9ECB3247D1E94F2F5BCE1E /* TaskManagementViews.swift in Sources */,
				BB55209018648535F8C68363 /* TaskReminderNotificationCoordinator.swift in Sources */,
				EF3E3120300B86E63FD15C85 /* TodayWorkspaceView.swift in Sources */,
				B68CA822E35720463AB56093 /* WhiteboardCanvasGeometry.swift in Sources */,
				5291BA3C3C7401D9E73A0E79 /* WhiteboardCanvasView.swift in Sources */,
				D6A4FDDB59D000F76FEF0787 /* WhiteboardChrome.swift in Sources */,
				D23352015992D41FF8882FF2 /* WhiteboardDrawingLayer.swift in Sources */,
				3EBB8BE2893AB23F1D3CE0A2 /* WhiteboardElementOverlay.swift in Sources */,
				9537B1D11AA0918C106D2C1D /* WhiteboardTool.swift in Sources */,
			);
			runOnlyForDeploymentPostprocessing = 0;
		};
/* End PBXSourcesBuildPhase section */

/* Begin XCBuildConfiguration section */
		22B9C78C96890DE4BEE3CDC3 /* Release */ = {
			isa = XCBuildConfiguration;
			buildSettings = {
				ALWAYS_SEARCH_USER_PATHS = NO;
				CLANG_ANALYZER_NONNULL = YES;
				CLANG_ANALYZER_NUMBER_OBJECT_CONVERSION = YES_AGGRESSIVE;
				CLANG_CXX_LANGUAGE_STANDARD = "gnu++14";
				CLANG_CXX_LIBRARY = "libc++";
				CLANG_ENABLE_MODULES = YES;
				CLANG_ENABLE_OBJC_ARC = YES;
				CLANG_ENABLE_OBJC_WEAK = YES;
				CLANG_WARN_BLOCK_CAPTURE_AUTORELEASING = YES;
				CLANG_WARN_BOOL_CONVERSION = YES;
				CLANG_WARN_COMMA = YES;
				CLANG_WARN_CONSTANT_CONVERSION = YES;
				CLANG_WARN_DEPRECATED_OBJC_IMPLEMENTATIONS = YES;
				CLANG_WARN_DIRECT_OBJC_ISA_USAGE = YES_ERROR;
				CLANG_WARN_DOCUMENTATION_COMMENTS = YES;
				CLANG_WARN_EMPTY_BODY = YES;
				CLANG_WARN_ENUM_CONVERSION = YES;
				CLANG_WARN_INFINITE_RECURSION = YES;
				CLANG_WARN_INT_CONVERSION = YES;
				CLANG_WARN_NON_LITERAL_NULL_CONVERSION = YES;
				CLANG_WARN_OBJC_IMPLICIT_RETAIN_SELF = YES;
				CLANG_WARN_OBJC_LITERAL_CONVERSION = YES;
				CLANG_WARN_OBJC_ROOT_CLASS = YES_ERROR;
				CLANG_WARN_QUOTED_INCLUDE_IN_FRAMEWORK_HEADER = YES;
				CLANG_WARN_RANGE_LOOP_ANALYSIS = YES;
				CLANG_WARN_STRICT_PROTOTYPES = YES;
				CLANG_WARN_SUSPICIOUS_MOVE = YES;
				CLANG_WARN_UNGUARDED_AVAILABILITY = YES_AGGRESSIVE;
				CLANG_WARN_UNREACHABLE_CODE = YES;
				CLANG_WARN__DUPLICATE_METHOD_MATCH = YES;
				COPY_PHASE_STRIP = NO;
				DEBUG_INFORMATION_FORMAT = "dwarf-with-dsym";
				DEVELOPMENT_TEAM = 6KXCJGJ45W;
				ENABLE_NS_ASSERTIONS = NO;
				ENABLE_STRICT_OBJC_MSGSEND = YES;
				ENABLE_USER_SCRIPT_SANDBOXING = YES;
				GCC_C_LANGUAGE_STANDARD = gnu11;
				GCC_NO_COMMON_BLOCKS = YES;
				GCC_WARN_64_TO_32_BIT_CONVERSION = YES;
				GCC_WARN_ABOUT_RETURN_TYPE = YES_ERROR;
				GCC_WARN_UNDECLARED_SELECTOR = YES;
				GCC_WARN_UNINITIALIZED_AUTOS = YES_AGGRESSIVE;
				GCC_WARN_UNUSED_FUNCTION = YES;
				GCC_WARN_UNUSED_VARIABLE = YES;
				IPHONEOS_DEPLOYMENT_TARGET = 18.0;
				MACOSX_DEPLOYMENT_TARGET = 15.0;
				MTL_ENABLE_DEBUG_INFO = NO;
				MTL_FAST_MATH = YES;
				PRODUCT_NAME = "$(TARGET_NAME)";
				SWIFT_COMPILATION_MODE = wholemodule;
				SWIFT_OPTIMIZATION_LEVEL = "-O";
				SWIFT_STRICT_CONCURRENCY = complete;
				SWIFT_VERSION = 6.0;
			};
			name = Release;
		};
		7C9065C1899F9F28E0D52DC9 /* Release */ = {
			isa = XCBuildConfiguration;
			buildSettings = {
				ASSETCATALOG_COMPILER_APPICON_NAME = AppIcon;
				CODE_SIGN_ENTITLEMENTS = Configuration/EnchiridionMobile.entitlements;
				CODE_SIGN_IDENTITY = "iPhone Developer";
				CODE_SIGN_STYLE = Automatic;
				INFOPLIST_FILE = "Configuration/EnchiridionMobile-Info.plist";
				LD_RUNPATH_SEARCH_PATHS = (
					"$(inherited)",
					"@executable_path/Frameworks",
				);
				PRODUCT_BUNDLE_IDENTIFIER = dev.rawkode.enchiridion;
				PRODUCT_NAME = Enchiridion;
				SDKROOT = iphoneos;
				SUPPORTS_MACCATALYST = NO;
				TARGETED_DEVICE_FAMILY = "1,2";
			};
			name = Release;
		};
		C4D26EFB3A0B471E62A01EE2 /* Release */ = {
			isa = XCBuildConfiguration;
			buildSettings = {
				ASSETCATALOG_COMPILER_APPICON_NAME = AppIcon;
				CODE_SIGN_ENTITLEMENTS = Configuration/EnchiridionMac.entitlements;
				CODE_SIGN_STYLE = Automatic;
				COMBINE_HIDPI_IMAGES = YES;
				ENABLE_HARDENED_RUNTIME = YES;
				INFOPLIST_FILE = "Configuration/EnchiridionMac-Info.plist";
				LD_RUNPATH_SEARCH_PATHS = (
					"$(inherited)",
					"@executable_path/../Frameworks",
				);
				PRODUCT_BUNDLE_IDENTIFIER = dev.rawkode.enchiridion;
				PRODUCT_NAME = Enchiridion;
				SDKROOT = macosx;
			};
			name = Release;
		};
		D929C074B15D71E10DF15DD5 /* Debug */ = {
			isa = XCBuildConfiguration;
			buildSettings = {
				ASSETCATALOG_COMPILER_APPICON_NAME = AppIcon;
				CODE_SIGN_ENTITLEMENTS = Configuration/EnchiridionMac.entitlements;
				CODE_SIGN_STYLE = Automatic;
				COMBINE_HIDPI_IMAGES = YES;
				ENABLE_HARDENED_RUNTIME = YES;
				INFOPLIST_FILE = "Configuration/EnchiridionMac-Info.plist";
				LD_RUNPATH_SEARCH_PATHS = (
					"$(inherited)",
					"@executable_path/../Frameworks",
				);
				PRODUCT_BUNDLE_IDENTIFIER = dev.rawkode.enchiridion;
				PRODUCT_NAME = Enchiridion;
				SDKROOT = macosx;
			};
			name = Debug;
		};
		DF8C738C0577896E57CF2D47 /* Debug */ = {
			isa = XCBuildConfiguration;
			buildSettings = {
				ASSETCATALOG_COMPILER_APPICON_NAME = AppIcon;
				CODE_SIGN_ENTITLEMENTS = Configuration/EnchiridionMobile.entitlements;
				CODE_SIGN_IDENTITY = "iPhone Developer";
				CODE_SIGN_STYLE = Automatic;
				INFOPLIST_FILE = "Configuration/EnchiridionMobile-Info.plist";
				LD_RUNPATH_SEARCH_PATHS = (
					"$(inherited)",
					"@executable_path/Frameworks",
				);
				PRODUCT_BUNDLE_IDENTIFIER = dev.rawkode.enchiridion;
				PRODUCT_NAME = Enchiridion;
				SDKROOT = iphoneos;
				SUPPORTS_MACCATALYST = NO;
				TARGETED_DEVICE_FAMILY = "1,2";
			};
			name = Debug;
		};
		F4AC56E92DE6E8F813C765DF /* Debug */ = {
			isa = XCBuildConfiguration;
			buildSettings = {
				ALWAYS_SEARCH_USER_PATHS = NO;
				CLANG_ANALYZER_NONNULL = YES;
				CLANG_ANALYZER_NUMBER_OBJECT_CONVERSION = YES_AGGRESSIVE;
				CLANG_CXX_LANGUAGE_STANDARD = "gnu++14";
				CLANG_CXX_LIBRARY = "libc++";
				CLANG_ENABLE_MODULES = YES;
				CLANG_ENABLE_OBJC_ARC = YES;
				CLANG_ENABLE_OBJC_WEAK = YES;
				CLANG_WARN_BLOCK_CAPTURE_AUTORELEASING = YES;
				CLANG_WARN_BOOL_CONVERSION = YES;
				CLANG_WARN_COMMA = YES;
				CLANG_WARN_CONSTANT_CONVERSION = YES;
				CLANG_WARN_DEPRECATED_OBJC_IMPLEMENTATIONS = YES;
				CLANG_WARN_DIRECT_OBJC_ISA_USAGE = YES_ERROR;
				CLANG_WARN_DOCUMENTATION_COMMENTS = YES;
				CLANG_WARN_EMPTY_BODY = YES;
				CLANG_WARN_ENUM_CONVERSION = YES;
				CLANG_WARN_INFINITE_RECURSION = YES;
				CLANG_WARN_INT_CONVERSION = YES;
				CLANG_WARN_NON_LITERAL_NULL_CONVERSION = YES;
				CLANG_WARN_OBJC_IMPLICIT_RETAIN_SELF = YES;
				CLANG_WARN_OBJC_LITERAL_CONVERSION = YES;
				CLANG_WARN_OBJC_ROOT_CLASS = YES_ERROR;
				CLANG_WARN_QUOTED_INCLUDE_IN_FRAMEWORK_HEADER = YES;
				CLANG_WARN_RANGE_LOOP_ANALYSIS = YES;
				CLANG_WARN_STRICT_PROTOTYPES = YES;
				CLANG_WARN_SUSPICIOUS_MOVE = YES;
				CLANG_WARN_UNGUARDED_AVAILABILITY = YES_AGGRESSIVE;
				CLANG_WARN_UNREACHABLE_CODE = YES;
				CLANG_WARN__DUPLICATE_METHOD_MATCH = YES;
				COPY_PHASE_STRIP = NO;
				DEBUG_INFORMATION_FORMAT = dwarf;
				DEVELOPMENT_TEAM = 6KXCJGJ45W;
				ENABLE_STRICT_OBJC_MSGSEND = YES;
				ENABLE_TESTABILITY = YES;
				ENABLE_USER_SCRIPT_SANDBOXING = YES;
				GCC_C_LANGUAGE_STANDARD = gnu11;
				GCC_DYNAMIC_NO_PIC = NO;
				GCC_NO_COMMON_BLOCKS = YES;
				GCC_OPTIMIZATION_LEVEL = 0;
				GCC_PREPROCESSOR_DEFINITIONS = (
					"$(inherited)",
					"DEBUG=1",
				);
				GCC_WARN_64_TO_32_BIT_CONVERSION = YES;
				GCC_WARN_ABOUT_RETURN_TYPE = YES_ERROR;
				GCC_WARN_UNDECLARED_SELECTOR = YES;
				GCC_WARN_UNINITIALIZED_AUTOS = YES_AGGRESSIVE;
				GCC_WARN_UNUSED_FUNCTION = YES;
				GCC_WARN_UNUSED_VARIABLE = YES;
				IPHONEOS_DEPLOYMENT_TARGET = 18.0;
				MACOSX_DEPLOYMENT_TARGET = 15.0;
				MTL_ENABLE_DEBUG_INFO = INCLUDE_SOURCE;
				MTL_FAST_MATH = YES;
				ONLY_ACTIVE_ARCH = YES;
				PRODUCT_NAME = "$(TARGET_NAME)";
				SWIFT_ACTIVE_COMPILATION_CONDITIONS = DEBUG;
				SWIFT_OPTIMIZATION_LEVEL = "-Onone";
				SWIFT_STRICT_CONCURRENCY = complete;
				SWIFT_VERSION = 6.0;
			};
			name = Debug;
		};
/* End XCBuildConfiguration section */

/* Begin XCConfigurationList section */
		6598C0901AC395B03B92DFBB /* Build configuration list for PBXProject "Enchiridion" */ = {
			isa = XCConfigurationList;
			buildConfigurations = (
				F4AC56E92DE6E8F813C765DF /* Debug */,
				22B9C78C96890DE4BEE3CDC3 /* Release */,
			);
			defaultConfigurationIsVisible = 0;
			defaultConfigurationName = Debug;
		};
		B5F4357527F7DFAD88E92FFC /* Build configuration list for PBXNativeTarget "EnchiridionMobile" */ = {
			isa = XCConfigurationList;
			buildConfigurations = (
				DF8C738C0577896E57CF2D47 /* Debug */,
				7C9065C1899F9F28E0D52DC9 /* Release */,
			);
			defaultConfigurationIsVisible = 0;
			defaultConfigurationName = Debug;
		};
		DAA52144007B722AB3EDACA8 /* Build configuration list for PBXNativeTarget "EnchiridionMac" */ = {
			isa = XCConfigurationList;
			buildConfigurations = (
				D929C074B15D71E10DF15DD5 /* Debug */,
				C4D26EFB3A0B471E62A01EE2 /* Release */,
			);
			defaultConfigurationIsVisible = 0;
			defaultConfigurationName = Debug;
		};
/* End XCConfigurationList section */

/* Begin XCLocalSwiftPackageReference section */
		90E6540D178D4DC182233438 /* XCLocalSwiftPackageReference "." */ = {
			isa = XCLocalSwiftPackageReference;
			relativePath = .;
		};
/* End XCLocalSwiftPackageReference section */

/* Begin XCSwiftPackageProductDependency section */
		3E539EB8451EC283BFE5CA0D /* EnchiridionCore */ = {
			isa = XCSwiftPackageProductDependency;
			productName = EnchiridionCore;
		};
		98257A715412A302965BE5CE /* EnchiridionCore */ = {
			isa = XCSwiftPackageProductDependency;
			productName = EnchiridionCore;
		};
/* End XCSwiftPackageProductDependency section */
	};
	rootObject = CB3C241C71123388FD6B0E38 /* Project object */;
}
