{
  "nodes": {
    "flake-compat": {
      "flake": false,
      "locked": {
        "lastModified": 1717312683,
        "narHash": "sha256-FrlieJH50AuvagamEvWMIE6D2OAnERuDboFDYAED/dE=",
        "owner": "nix-community",
        "repo": "flake-compat",
        "rev": "38fd3954cf65ce6faf3d0d45cd26059e059f07ea",
        "type": "github"
      },
      "original": {
        "owner": "nix-community",
        "repo": "flake-compat",
        "type": "github"
      }
    },
    "home-manager": {
      "inputs": {
        "nixpkgs": [
          "nixpkgs"
        ]
      },
      "locked": {
        "lastModified": 1718788307,
        "narHash": "sha256-SqiOz0sljM0GjyQEVinPXQxaGcbOXw5OgpCWGPgh/vo=",
        "owner": "nix-community",
        "repo": "home-manager",
        "rev": "d7830d05421d0ced83a0f007900898bdcaf2a2ca",
        "type": "github"
      },
      "original": {
        "owner": "nix-community",
        "repo": "home-manager",
        "type": "github"
      }
    },
    "nixos-cosmic": {
      "inputs": {
        "flake-compat": "flake-compat",
        "nixpkgs": [
          "nixpkgs"
        ],
        "nixpkgs-stable": "nixpkgs-stable"
      },
      "locked": {
        "lastModified": 1717764499,
        "narHash": "sha256-pTQcnb1ld7q8j/pqvrc37i+bnK/mZNoSh0VEeTXnzqU=",
        "owner": "lxwntr",
        "repo": "nixos-cosmic-multiple-de",
        "rev": "e2df6d13b473887f01fd9b90749c3671cc9f7da0",
        "type": "github"
      },
      "original": {
        "owner": "lxwntr",
        "repo": "nixos-cosmic-multiple-de",
        "type": "github"
      }
    },
    "nixos-hardware": {
      "locked": {
        "lastModified": 1718806950,
        "narHash": "sha256-E+W/kbedZAiOuPtT+KQRposLaXGDLd7lyK7oL3IH/5U=",
        "owner": "NixOS",
        "repo": "nixos-hardware",
        "rev": "acb4f0e9bfa8ca2d6fca5e692307b5c994e7dbda",
        "type": "github"
      },
      "original": {
        "owner": "NixOS",
        "ref": "master",
        "repo": "nixos-hardware",
        "type": "github"
      }
    },
    "nixpkgs": {
      "locked": {
        "lastModified": 1718530797,
        "narHash": "sha256-pup6cYwtgvzDpvpSCFh1TEUjw2zkNpk8iolbKnyFmmU=",
        "owner": "NixOS",
        "repo": "nixpkgs",
        "rev": "b60ebf54c15553b393d144357375ea956f89e9a9",
        "type": "github"
      },
      "original": {
        "owner": "NixOS",
        "ref": "nixos-unstable",
        "repo": "nixpkgs",
        "type": "github"
      }
    },
    "nixpkgs-stable": {
      "locked": {
        "lastModified": 1717555607,
        "narHash": "sha256-WZ1s48OODmRJ3DHC+I/DtM3tDRuRJlNqMvxvAPTD7ec=",
        "owner": "NixOS",
        "repo": "nixpkgs",
        "rev": "0b8e7a1ae5a94da2e1ee3f3030a32020f6254105",
        "type": "github"
      },
      "original": {
        "owner": "NixOS",
        "ref": "nixos-24.05",
        "repo": "nixpkgs",
        "type": "github"
      }
    },
    "root": {
      "inputs": {
        "home-manager": "home-manager",
        "nixos-cosmic": "nixos-cosmic",
        "nixos-hardware": "nixos-hardware",
        "nixpkgs": "nixpkgs"
      }
    }
  },
  "root": "root",
  "version": 7
}
