{
  "nodes": {
    "home-manager": {
      "inputs": {
        "nixpkgs": [
          "nixpkgs"
        ]
      },
      "locked": {
        "lastModified": 1719992360,
        "narHash": "sha256-SRq0ZRkqagqpMGVf4z9q9CIWRbPYjO7FTqSJyWh7nes=",
        "owner": "nix-community",
        "repo": "home-manager",
        "rev": "36e2f9da91ce8b63a549a47688ae60d47c50de4b",
        "type": "github"
      },
      "original": {
        "owner": "nix-community",
        "repo": "home-manager",
        "type": "github"
      }
    },
    "nixos-hardware": {
      "locked": {
        "lastModified": 1719895800,
        "narHash": "sha256-xNbjISJTFailxass4LmdWeV4jNhAlmJPwj46a/GxE6M=",
        "owner": "NixOS",
        "repo": "nixos-hardware",
        "rev": "6e253f12b1009053eff5344be5e835f604bb64cd",
        "type": "github"
      },
      "original": {
        "owner": "NixOS",
        "ref": "master",
        "repo": "nixos-hardware",
        "type": "github"
      }
    },
    "nixpkgs": {
      "locked": {
        "lastModified": 1719848872,
        "narHash": "sha256-H3+EC5cYuq+gQW8y0lSrrDZfH71LB4DAf+TDFyvwCNA=",
        "owner": "NixOS",
        "repo": "nixpkgs",
        "rev": "00d80d13810dbfea8ab4ed1009b09100cca86ba8",
        "type": "github"
      },
      "original": {
        "owner": "NixOS",
        "ref": "nixos-unstable",
        "repo": "nixpkgs",
        "type": "github"
      }
    },
    "root": {
      "inputs": {
        "home-manager": "home-manager",
        "nixos-hardware": "nixos-hardware",
        "nixpkgs": "nixpkgs"
      }
    }
  },
  "root": "root",
  "version": 7
}
