{
  "version": "4",
  "specifiers": {
    "jsr:@std/ini@~0.225.2": "0.225.2",
    "jsr:@std/path@^1.0.8": "1.0.8",
    "npm:zx@^8.2.1": "8.2.1"
  },
  "jsr": {
    "@std/ini@0.225.2": {
      "integrity": "c70f6560dacb7e333c2f868aa09aaa4117e6618cc66c60d0b4ca716c135c8e67"
    },
    "@std/path@1.0.8": {
      "integrity": "548fa456bb6a04d3c1a1e7477986b6cffbce95102d0bb447c67c4ee70e0364be"
    }
  },
  "npm": {
    "@types/fs-extra@11.0.4": {
      "integrity": "sha512-yTbItCNreRooED33qjunPthRcSjERP1r4MqCZc7wv0u2sUkzTFp45tgUfS5+r7FrZPdmCCNflLhVSP/o+SemsQ==",
      "dependencies": [
        "@types/jsonfile",
        "@types/node@22.5.4"
      ]
    },
    "@types/jsonfile@6.1.4": {
      "integrity": "sha512-D5qGUYwjvnNNextdU59/+fI+spnwtTFmyQP0h+PfIOSkNfpU6AOICUOkm4i0OnSk+NyjdPJrxCDro0sJsWlRpQ==",
      "dependencies": [
        "@types/node@22.5.4"
      ]
    },
    "@types/node@22.5.4": {
      "integrity": "sha512-FDuKUJQm/ju9fT/SeX/6+gBzoPzlVCzfzmGkwKvRHQVxi4BntVbyIwf6a4Xn62mrvndLiml6z/UBXIdEVjQLXg==",
      "dependencies": [
        "undici-types"
      ]
    },
    "@types/node@22.9.0": {
      "integrity": "sha512-vuyHg81vvWA1Z1ELfvLko2c8f34gyA0zaic0+Rllc5lbCnbSyuvb2Oxpm6TAUAC/2xZN3QGqxBNggD1nNR2AfQ==",
      "dependencies": [
        "undici-types"
      ]
    },
    "undici-types@6.19.8": {
      "integrity": "sha512-ve2KP6f/JnbPBFyobGHuerC9g1FYGn/F8n1LWTwNxCEzd6IfqTwUQcNXgEtmmQ6DlRrC1hrSrBnCZPokRrDHjw=="
    },
    "zx@8.2.1": {
      "integrity": "sha512-E3TZRg76QC14RXU8LLKGCnsd8omfM220TJKU4O4R1YuitE4IzDB3cmX6+tF2iffJ8JtlWxBo35YS1TCmpINuaQ==",
      "dependencies": [
        "@types/fs-extra",
        "@types/node@22.9.0"
      ]
    }
  },
  "workspace": {
    "dependencies": [
      "jsr:@std/ini@~0.225.2",
      "jsr:@std/path@^1.0.8",
      "npm:zx@^8.2.1"
    ]
  }
}
